
Microsoft Visual Studio Solution File, Format Version 12.00
# Visual Studio Version 17
VisualStudioVersion = 17.10.35027.167
MinimumVisualStudioVersion = 10.0.40219.1
Project("{9A19103F-16F7-4668-BE54-9A1E7A4F7556}") = "DM7.1", "DM7.1.csproj", "{1DF6D62C-D86C-4B05-AA75-E432F1014090}"
EndProject
Global
	GlobalSection(SolutionConfigurationPlatforms) = preSolution
		Debug|Any CPU = Debug|Any CPU
		Release|Any CPU = Release|Any CPU
	EndGlobalSection
	GlobalSection(ProjectConfigurationPlatforms) = postSolution
		{1DF6D62C-D86C-4B05-AA75-E432F1014090}.Debug|Any CPU.ActiveCfg = Debug|Any CPU
		{1DF6D62C-D86C-4B05-AA75-E432F1014090}.Debug|Any CPU.Build.0 = Debug|Any CPU
		{1DF6D62C-D86C-4B05-AA75-E432F1014090}.Release|Any CPU.ActiveCfg = Release|Any CPU
		{1DF6D62C-D86C-4B05-AA75-E432F1014090}.Release|Any CPU.Build.0 = Release|Any CPU
	EndGlobalSection
	GlobalSection(SolutionProperties) = preSolution
		HideSolutionNode = FALSE
	EndGlobalSection
	GlobalSection(ExtensibilityGlobals) = postSolution
		SolutionGuid = {54D888ED-7797-42F0-A4CE-25D1D90B0A6C}
	EndGlobalSection
EndGlobal
